{
  "requires": true,
  "lockfileVersion": 1,
  "dependencies": {
    "@ericlathrop/phoenix-js-react-hooks": {
      "version": "0.1.0",
      "resolved": "https://registry.npmjs.org/@ericlathrop/phoenix-js-react-hooks/-/phoenix-js-react-hooks-0.1.0.tgz",
      "integrity": "sha512-osMigPmW6Ua1r7QlmEcIKbaP6PICCt7i5pBIK1yofZYqJrr0luhRQneJlKECyHjYfw60lHGjYmTfD2I+xbrVSA==",
      "requires": {
        "phoenix": "^1.5.7"
      }
    },
    "@project-serum/sol-wallet-adapter": {
      "version": "0.2.6",
      "resolved": "https://registry.npmjs.org/@project-serum/sol-wallet-adapter/-/sol-wallet-adapter-0.2.6.tgz",
      "integrity": "sha512-cpIb13aWPW8y4KzkZAPDgw+Kb+DXjCC6rZoH74MGm3I/6e/zKyGnfAuW5olb2zxonFqsYgnv7ev8MQnvSgJ3/g==",
      "requires": {
        "bs58": "^4.0.1",
        "eventemitter3": "^4.0.7"
      }
    },
    "babel-polyfill": {
      "version": "6.26.0",
      "resolved": "https://registry.npmjs.org/babel-polyfill/-/babel-polyfill-6.26.0.tgz",
      "integrity": "sha1-N5k3q8Z9eJWXCtxiHyhM2WbPIVM=",
      "requires": {
        "babel-runtime": "^6.26.0",
        "core-js": "^2.5.0",
        "regenerator-runtime": "^0.10.5"
      }
    },
    "babel-runtime": {
      "version": "6.26.0",
      "resolved": "https://registry.npmjs.org/babel-runtime/-/babel-runtime-6.26.0.tgz",
      "integrity": "sha1-llxwWGaOgrVde/4E/yM3vItWR/4=",
      "requires": {
        "core-js": "^2.4.0",
        "regenerator-runtime": "^0.11.0"
      },
      "dependencies": {
        "regenerator-runtime": {
          "version": "0.11.1",
          "resolved": "https://registry.npmjs.org/regenerator-runtime/-/regenerator-runtime-0.11.1.tgz",
          "integrity": "sha512-MguG95oij0fC3QV3URf4V2SDYGJhJnJGqvIIgdECeODCT98wSWDAJ94SSuVpYQUoTcGUIL6L4yNB7j1DFFHSBg=="
        }
      }
    },
    "base-x": {
      "version": "3.0.9",
      "resolved": "https://registry.npmjs.org/base-x/-/base-x-3.0.9.tgz",
      "integrity": "sha512-H7JU6iBHTal1gp56aKoaa//YUxEaAOUiydvrV/pILqIHXTtqxSkATOnDA2u+jZ/61sD+L/412+7kzXRtWukhpQ==",
      "requires": {
        "safe-buffer": "^5.0.1"
      }
    },
    "bs58": {
      "version": "4.0.1",
      "resolved": "https://registry.npmjs.org/bs58/-/bs58-4.0.1.tgz",
      "integrity": "sha1-vhYedsNU9veIrkBx9j806MTwpCo=",
      "requires": {
        "base-x": "^3.0.2"
      }
    },
    "core-js": {
      "version": "2.6.12",
      "resolved": "https://registry.npmjs.org/core-js/-/core-js-2.6.12.tgz",
      "integrity": "sha512-Kb2wC0fvsWfQrgk8HU5lW6U/Lcs8+9aaYcy4ZFc6DDlo4nZ7n70dEgE5rtR0oG6ufKDUnrwfWL1mXR5ljDatrQ=="
    },
    "eventemitter3": {
      "version": "4.0.7",
      "resolved": "https://registry.npmjs.org/eventemitter3/-/eventemitter3-4.0.7.tgz",
      "integrity": "sha512-8guHBZCwKnFhYdHr2ysuRWErTwhoN2X8XELRlrRwpmfeY2jjuUN4taQMsULKUVo1K4DvZl+0pgfyoysHxvmvEw=="
    },
    "phoenix": {
      "version": "1.6.6",
      "resolved": "https://registry.npmjs.org/phoenix/-/phoenix-1.6.6.tgz",
      "integrity": "sha512-KLNHVlrZH8UAoEzeCS1XBI9z5juWz0gZ/+No7j5p/byVINnd+del9H5vtBMzQgZa3ZcUjVVZcQR8bKdnH/FmMg=="
    },
    "regenerator-runtime": {
      "version": "0.10.5",
      "resolved": "https://registry.npmjs.org/regenerator-runtime/-/regenerator-runtime-0.10.5.tgz",
      "integrity": "sha1-M2w+/BIgrc7dosn6tntaeVWjNlg="
    },
    "safe-buffer": {
      "version": "5.2.1",
      "resolved": "https://registry.npmjs.org/safe-buffer/-/safe-buffer-5.2.1.tgz",
      "integrity": "sha512-rp3So07KcdmmKbGvgaNxQSJr7bGVSVk5S9Eq1F+ppbRo70+YeaDxkw5Dd8NPN+GD6bjnYm2VuPuCXmpuYvmCXQ=="
    }
  }
}
